
Microsoft Visual Studio Solution File, Format Version 11.00
# Visual Studio 2010
Project("{FAE04EC0-301F-11D3-BF4B-00C04F79EFBC}") = "Oculus.Platform", "Oculus.Platform.csproj", "{356ed9ba-4986-270d-cd9c-469900c122fd}"
EndProject
Project("{FAE04EC0-301F-11D3-BF4B-00C04F79EFBC}") = "Assembly-CSharp", "Assembly-CSharp.csproj", "{df71139b-002f-bd15-b36f-fa23fe57088e}"
EndProject
Project("{FAE04EC0-301F-11D3-BF4B-00C04F79EFBC}") = "Oculus.Spatializer", "Oculus.Spatializer.csproj", "{a4d230f2-4163-72c7-0214-454c57fbfbd5}"
EndProject
Project("{FAE04EC0-301F-11D3-BF4B-00C04F79EFBC}") = "Oculus.AudioManager", "Oculus.AudioManager.csproj", "{0f8b11a7-3332-9dc5-2cd3-1ed2efe2f14f}"
EndProject
Project("{FAE04EC0-301F-11D3-BF4B-00C04F79EFBC}") = "Oculus.VR", "Oculus.VR.csproj", "{032c6a55-1211-352a-2037-38c2471112db}"
EndProject
Project("{FAE04EC0-301F-11D3-BF4B-00C04F79EFBC}") = "Oculus.LipSync", "Oculus.LipSync.csproj", "{4265e8d6-c410-5ea5-ba62-fd260ce71bdd}"
EndProject
Project("{FAE04EC0-301F-11D3-BF4B-00C04F79EFBC}") = "Oculus.Platform.Editor", "Oculus.Platform.Editor.csproj", "{28b1e2a3-dbdf-7fd1-b406-59f7d46fdec2}"
EndProject
Project("{FAE04EC0-301F-11D3-BF4B-00C04F79EFBC}") = "Oculus.AudioManager.Audio.Editor", "Oculus.AudioManager.Audio.Editor.csproj", "{0a754ed2-3c29-378b-58c2-6e56de7a46e9}"
EndProject
Project("{FAE04EC0-301F-11D3-BF4B-00C04F79EFBC}") = "Oculus.VR.Scripts.Editor", "Oculus.VR.Scripts.Editor.csproj", "{7cfe7cb1-e82c-d9a4-13d1-7fa9b67b2a47}"
EndProject
Project("{FAE04EC0-301F-11D3-BF4B-00C04F79EFBC}") = "Oculus.Spatializer.Editor", "Oculus.Spatializer.Editor.csproj", "{ee2a1cee-1600-65c8-5cb0-044db4bc9cd0}"
EndProject
Project("{FAE04EC0-301F-11D3-BF4B-00C04F79EFBC}") = "Oculus.VR.Editor", "Oculus.VR.Editor.csproj", "{09385e6f-20a1-750e-ce42-ff69be7adf73}"
EndProject
Project("{FAE04EC0-301F-11D3-BF4B-00C04F79EFBC}") = "Oculus.LipSync.Editor", "Oculus.LipSync.Editor.csproj", "{06aff7ee-7461-e361-bd84-135631bdb7a2}"
EndProject
Project("{FAE04EC0-301F-11D3-BF4B-00C04F79EFBC}") = "Assembly-CSharp-Editor", "Assembly-CSharp-Editor.csproj", "{62ed062b-81b0-c5be-bbd8-199dfe207606}"
EndProject
Project("{FAE04EC0-301F-11D3-BF4B-00C04F79EFBC}") = "Oculus.AudioManager.Utils.Editor", "Oculus.AudioManager.Utils.Editor.csproj", "{368848fe-4d7b-25f3-e56e-7c6b50276310}"
EndProject
Global
	GlobalSection(SolutionConfigurationPlatforms) = preSolution
		Debug|Any CPU = Debug|Any CPU
	EndGlobalSection
	GlobalSection(ProjectConfigurationPlatforms) = postSolution
		{356ed9ba-4986-270d-cd9c-469900c122fd}.Debug|Any CPU.ActiveCfg = Debug|Any CPU
		{356ed9ba-4986-270d-cd9c-469900c122fd}.Debug|Any CPU.Build.0 = Debug|Any CPU
		{df71139b-002f-bd15-b36f-fa23fe57088e}.Debug|Any CPU.ActiveCfg = Debug|Any CPU
		{df71139b-002f-bd15-b36f-fa23fe57088e}.Debug|Any CPU.Build.0 = Debug|Any CPU
		{a4d230f2-4163-72c7-0214-454c57fbfbd5}.Debug|Any CPU.ActiveCfg = Debug|Any CPU
		{a4d230f2-4163-72c7-0214-454c57fbfbd5}.Debug|Any CPU.Build.0 = Debug|Any CPU
		{0f8b11a7-3332-9dc5-2cd3-1ed2efe2f14f}.Debug|Any CPU.ActiveCfg = Debug|Any CPU
		{0f8b11a7-3332-9dc5-2cd3-1ed2efe2f14f}.Debug|Any CPU.Build.0 = Debug|Any CPU
		{032c6a55-1211-352a-2037-38c2471112db}.Debug|Any CPU.ActiveCfg = Debug|Any CPU
		{032c6a55-1211-352a-2037-38c2471112db}.Debug|Any CPU.Build.0 = Debug|Any CPU
		{4265e8d6-c410-5ea5-ba62-fd260ce71bdd}.Debug|Any CPU.ActiveCfg = Debug|Any CPU
		{4265e8d6-c410-5ea5-ba62-fd260ce71bdd}.Debug|Any CPU.Build.0 = Debug|Any CPU
		{28b1e2a3-dbdf-7fd1-b406-59f7d46fdec2}.Debug|Any CPU.ActiveCfg = Debug|Any CPU
		{28b1e2a3-dbdf-7fd1-b406-59f7d46fdec2}.Debug|Any CPU.Build.0 = Debug|Any CPU
		{0a754ed2-3c29-378b-58c2-6e56de7a46e9}.Debug|Any CPU.ActiveCfg = Debug|Any CPU
		{0a754ed2-3c29-378b-58c2-6e56de7a46e9}.Debug|Any CPU.Build.0 = Debug|Any CPU
		{7cfe7cb1-e82c-d9a4-13d1-7fa9b67b2a47}.Debug|Any CPU.ActiveCfg = Debug|Any CPU
		{7cfe7cb1-e82c-d9a4-13d1-7fa9b67b2a47}.Debug|Any CPU.Build.0 = Debug|Any CPU
		{ee2a1cee-1600-65c8-5cb0-044db4bc9cd0}.Debug|Any CPU.ActiveCfg = Debug|Any CPU
		{ee2a1cee-1600-65c8-5cb0-044db4bc9cd0}.Debug|Any CPU.Build.0 = Debug|Any CPU
		{09385e6f-20a1-750e-ce42-ff69be7adf73}.Debug|Any CPU.ActiveCfg = Debug|Any CPU
		{09385e6f-20a1-750e-ce42-ff69be7adf73}.Debug|Any CPU.Build.0 = Debug|Any CPU
		{06aff7ee-7461-e361-bd84-135631bdb7a2}.Debug|Any CPU.ActiveCfg = Debug|Any CPU
		{06aff7ee-7461-e361-bd84-135631bdb7a2}.Debug|Any CPU.Build.0 = Debug|Any CPU
		{62ed062b-81b0-c5be-bbd8-199dfe207606}.Debug|Any CPU.ActiveCfg = Debug|Any CPU
		{62ed062b-81b0-c5be-bbd8-199dfe207606}.Debug|Any CPU.Build.0 = Debug|Any CPU
		{368848fe-4d7b-25f3-e56e-7c6b50276310}.Debug|Any CPU.ActiveCfg = Debug|Any CPU
		{368848fe-4d7b-25f3-e56e-7c6b50276310}.Debug|Any CPU.Build.0 = Debug|Any CPU
	EndGlobalSection
	GlobalSection(SolutionProperties) = preSolution
		HideSolutionNode = FALSE
	EndGlobalSection
EndGlobal
